
Microsoft Visual Studio Solution File, Format Version 12.00
# Visual Studio Version 17
VisualStudioVersion = 17.14.36518.9
MinimumVisualStudioVersion = 10.0.40219.1
Project("{FAE04EC0-301F-11D3-BF4B-00C04F79EFBC}") = "CheckForSubset", "CheckForSubset\CheckForSubset.csproj", "{E03832CC-0518-4E70-8CBF-8A3F6069C066}"
EndProject
Project("{FAE04EC0-301F-11D3-BF4B-00C04F79EFBC}") = "CheckForDisjoint", "CheckForDisjoint\CheckForDisjoint.csproj", "{7142B848-384A-46BA-AB3E-68C987F949A5}"
EndProject
Project("{FAE04EC0-301F-11D3-BF4B-00C04F79EFBC}") = "CheckForDisjointMemoryOptimized", "CheckForDisjointMemoryOptimized\CheckForDisjointMemoryOptimized.csproj", "{8036FF31-FCFB-4F84-BF2B-BAAFD00E1E6C}"
EndProject
Project("{FAE04EC0-301F-11D3-BF4B-00C04F79EFBC}") = "CheckForEqual", "CheckForEqual\CheckForEqual.csproj", "{714FD56A-D034-48C2-9BE8-85CB4E3942C5}"
EndProject
Project("{FAE04EC0-301F-11D3-BF4B-00C04F79EFBC}") = "FizzBuzz", "FizzBuzz\FizzBuzz.csproj", "{E57FD95E-863B-400A-8A3B-416F00889F25}"
EndProject
Global
	GlobalSection(SolutionConfigurationPlatforms) = preSolution
		Debug|Any CPU = Debug|Any CPU
		Release|Any CPU = Release|Any CPU
	EndGlobalSection
	GlobalSection(ProjectConfigurationPlatforms) = postSolution
		{E03832CC-0518-4E70-8CBF-8A3F6069C066}.Debug|Any CPU.ActiveCfg = Debug|Any CPU
		{E03832CC-0518-4E70-8CBF-8A3F6069C066}.Debug|Any CPU.Build.0 = Debug|Any CPU
		{E03832CC-0518-4E70-8CBF-8A3F6069C066}.Release|Any CPU.ActiveCfg = Release|Any CPU
		{E03832CC-0518-4E70-8CBF-8A3F6069C066}.Release|Any CPU.Build.0 = Release|Any CPU
		{7142B848-384A-46BA-AB3E-68C987F949A5}.Debug|Any CPU.ActiveCfg = Debug|Any CPU
		{7142B848-384A-46BA-AB3E-68C987F949A5}.Debug|Any CPU.Build.0 = Debug|Any CPU
		{7142B848-384A-46BA-AB3E-68C987F949A5}.Release|Any CPU.ActiveCfg = Release|Any CPU
		{7142B848-384A-46BA-AB3E-68C987F949A5}.Release|Any CPU.Build.0 = Release|Any CPU
		{8036FF31-FCFB-4F84-BF2B-BAAFD00E1E6C}.Debug|Any CPU.ActiveCfg = Debug|Any CPU
		{8036FF31-FCFB-4F84-BF2B-BAAFD00E1E6C}.Debug|Any CPU.Build.0 = Debug|Any CPU
		{8036FF31-FCFB-4F84-BF2B-BAAFD00E1E6C}.Release|Any CPU.ActiveCfg = Release|Any CPU
		{8036FF31-FCFB-4F84-BF2B-BAAFD00E1E6C}.Release|Any CPU.Build.0 = Release|Any CPU
		{714FD56A-D034-48C2-9BE8-85CB4E3942C5}.Debug|Any CPU.ActiveCfg = Debug|Any CPU
		{714FD56A-D034-48C2-9BE8-85CB4E3942C5}.Debug|Any CPU.Build.0 = Debug|Any CPU
		{714FD56A-D034-48C2-9BE8-85CB4E3942C5}.Release|Any CPU.ActiveCfg = Release|Any CPU
		{714FD56A-D034-48C2-9BE8-85CB4E3942C5}.Release|Any CPU.Build.0 = Release|Any CPU
		{E57FD95E-863B-400A-8A3B-416F00889F25}.Debug|Any CPU.ActiveCfg = Debug|Any CPU
		{E57FD95E-863B-400A-8A3B-416F00889F25}.Debug|Any CPU.Build.0 = Debug|Any CPU
		{E57FD95E-863B-400A-8A3B-416F00889F25}.Release|Any CPU.ActiveCfg = Release|Any CPU
		{E57FD95E-863B-400A-8A3B-416F00889F25}.Release|Any CPU.Build.0 = Release|Any CPU
	EndGlobalSection
	GlobalSection(SolutionProperties) = preSolution
		HideSolutionNode = FALSE
	EndGlobalSection
	GlobalSection(ExtensibilityGlobals) = postSolution
		SolutionGuid = {C4266134-A3E1-4463-9686-744B919563EC}
	EndGlobalSection
EndGlobal
